{
  "version": 4,
  "terraform_version": "1.5.7",
  "serial": 7,
  "lineage": "30a82de3-5ea6-17b0-e696-580c2d4ab18b",
  "outputs": {},
  "resources": [
    {
      "mode": "data",
      "type": "aws_iam_policy_document",
      "name": "sagemakeAYO",
      "provider": "provider[\"registry.terraform.io/hashicorp/aws\"]",
      "instances": [
        {
          "schema_version": 0,
          "attributes": {
            "id": "1147345228",
            "json": "{\n  \"Version\": \"2012-10-17\",\n  \"Statement\": [\n    {\n      \"Effect\": \"Allow\",\n      \"Action\": \"sts:AssumeRole\",\n      \"Principal\": {\n        \"Service\": \"sagemaker.amazonaws.com\"\n      }\n    }\n  ]\n}",
            "override_policy_documents": null,
            "policy_id": null,
            "source_policy_documents": null,
            "statement": [
              {
                "actions": [
                  "sts:AssumeRole"
                ],
                "condition": [],
                "effect": "Allow",
                "not_actions": [],
                "not_principals": [],
                "not_resources": [],
                "principals": [
                  {
                    "identifiers": [
                      "sagemaker.amazonaws.com"
                    ],
                    "type": "Service"
                  }
                ],
                "resources": [],
                "sid": ""
              }
            ],
            "version": "2012-10-17"
          },
          "sensitive_attributes": []
        }
      ]
    },
    {
      "mode": "managed",
      "type": "aws_iam_role",
      "name": "sagemakeAYO",
      "provider": "provider[\"registry.terraform.io/hashicorp/aws\"]",
      "instances": [
        {
          "schema_version": 0,
          "attributes": {
            "arn": "arn:aws:iam::523616670904:role/sagemakeAYO",
            "assume_role_policy": "{\"Statement\":[{\"Action\":\"sts:AssumeRole\",\"Effect\":\"Allow\",\"Principal\":{\"Service\":\"sagemaker.amazonaws.com\"}}],\"Version\":\"2012-10-17\"}",
            "create_date": "2023-10-12T14:08:11Z",
            "description": "",
            "force_detach_policies": false,
            "id": "sagemakeAYO",
            "inline_policy": [],
            "managed_policy_arns": [],
            "max_session_duration": 3600,
            "name": "sagemakeAYO",
            "name_prefix": "",
            "path": "/",
            "permissions_boundary": null,
            "tags": {
              "BU": "AYO-001",
              "Department": "eng software",
              "Environment": "dev",
              "Name": "serveless-resources",
              "Owner": "kidboo squard",
              "Workload": "booking-system"
            },
            "tags_all": {
              "BU": "AYO-001",
              "Department": "eng software",
              "Environment": "dev",
              "Name": "serveless-resources",
              "Owner": "kidboo squard",
              "Workload": "booking-system"
            },
            "unique_id": "AROAXT2P4KS4BUZCKY2U7"
          },
          "sensitive_attributes": [],
          "private": "bnVsbA==",
          "dependencies": [
            "data.aws_iam_policy_document.sagemakeAYO"
          ]
        }
      ]
    },
    {
      "mode": "managed",
      "type": "aws_sagemaker_domain",
      "name": "sagemakeAYO",
      "provider": "provider[\"registry.terraform.io/hashicorp/aws\"]",
      "instances": [
        {
          "schema_version": 0,
          "attributes": {
            "app_network_access_type": "PublicInternetOnly",
            "app_security_group_management": "",
            "arn": "arn:aws:sagemaker:us-east-1:523616670904:domain/d-gf5rdudzhqee",
            "auth_mode": "IAM",
            "default_space_settings": [],
            "default_user_settings": [
              {
                "canvas_app_settings": [],
                "execution_role": "arn:aws:iam::523616670904:role/sagemakeAYO",
                "jupyter_server_app_settings": [],
                "kernel_gateway_app_settings": [],
                "r_session_app_settings": [],
                "r_studio_server_pro_app_settings": [],
                "security_groups": [],
                "sharing_settings": [],
                "tensor_board_app_settings": []
              }
            ],
            "domain_name": "sagemakeAYO",
            "domain_settings": [],
            "home_efs_file_system_id": "fs-0ba387dfe288baa20",
            "id": "d-gf5rdudzhqee",
            "kms_key_id": "",
            "retention_policy": [],
            "security_group_id_for_domain_boundary": "",
            "single_sign_on_managed_application_instance_id": "",
            "subnet_ids": [
              "subnet-04e2d605de261c87a"
            ],
            "tags": {
              "BU": "AYO-001",
              "Department": "eng software",
              "Environment": "dev",
              "Name": "serveless-resources",
              "Owner": "kidboo squard",
              "Workload": "booking-system"
            },
            "tags_all": {
              "BU": "AYO-001",
              "Department": "eng software",
              "Environment": "dev",
              "Name": "serveless-resources",
              "Owner": "kidboo squard",
              "Workload": "booking-system"
            },
            "url": "https://d-gf5rdudzhqee.studio.us-east-1.sagemaker.aws",
            "vpc_id": "vpc-0c851e4624ca9e339"
          },
          "sensitive_attributes": [],
          "private": "bnVsbA==",
          "dependencies": [
            "aws_iam_role.sagemakeAYO",
            "data.aws_iam_policy_document.sagemakeAYO"
          ]
        }
      ]
    },
    {
      "mode": "managed",
      "type": "aws_sagemaker_user_profile",
      "name": "example",
      "provider": "provider[\"registry.terraform.io/hashicorp/aws\"]",
      "instances": [
        {
          "schema_version": 0,
          "attributes": {
            "arn": "arn:aws:sagemaker:us-east-1:523616670904:user-profile/d-gf5rdudzhqee/generaluser",
            "domain_id": "d-gf5rdudzhqee",
            "home_efs_file_system_uid": "200005",
            "id": "arn:aws:sagemaker:us-east-1:523616670904:user-profile/d-gf5rdudzhqee/generaluser",
            "single_sign_on_user_identifier": "",
            "single_sign_on_user_value": "",
            "tags": {
              "BU": "AYO-001",
              "Department": "eng software",
              "Environment": "dev",
              "Name": "serveless-resources",
              "Owner": "kidboo squard",
              "Workload": "booking-system"
            },
            "tags_all": {
              "BU": "AYO-001",
              "Department": "eng software",
              "Environment": "dev",
              "Name": "serveless-resources",
              "Owner": "kidboo squard",
              "Workload": "booking-system"
            },
            "user_profile_name": "generaluser",
            "user_settings": []
          },
          "sensitive_attributes": [],
          "private": "bnVsbA==",
          "dependencies": [
            "aws_iam_role.sagemakeAYO",
            "aws_sagemaker_domain.sagemakeAYO",
            "data.aws_iam_policy_document.sagemakeAYO"
          ]
        }
      ]
    }
  ],
  "check_results": null
}
